
Microsoft Visual Studio Solution File, Format Version 12.00
# Visual Studio 15
VisualStudioVersion = 15.0.26124.0
MinimumVisualStudioVersion = 15.0.26124.0
Project("{9A19103F-16F7-4668-BE54-9A1E7A4F7556}") = "R5T.Pompeii.Default.Construction", "R5T.Pompeii.Default.Construction\R5T.Pompeii.Default.Construction.csproj", "{C5918955-502B-4BA5-B0EE-6BA70DEA5BDB}"
EndProject
Project("{9A19103F-16F7-4668-BE54-9A1E7A4F7556}") = "R5T.Pompeii.Default", "R5T.Pompeii.Default\R5T.Pompeii.Default.csproj", "{0F26ACC6-5805-42C2-BEED-D8CFB518392A}"
EndProject
Project("{9A19103F-16F7-4668-BE54-9A1E7A4F7556}") = "R5T.Pompeii.Default.Testing", "R5T.Pompeii.Default.Testing\R5T.Pompeii.Default.Testing.csproj", "{A57828DE-248B-4B72-94AB-25D4D075B179}"
EndProject
Project("{2150E333-8FDC-42A3-9474-1A3956D46DE8}") = "_Dependencies", "_Dependencies", "{9868F5C0-9731-45D7-8233-A732F7D4A022}"
EndProject
Project("{9A19103F-16F7-4668-BE54-9A1E7A4F7556}") = "R5T.Pompeii.Base", "..\..\R5T.Pompeii.Base\source\R5T.Pompeii.Base\R5T.Pompeii.Base.csproj", "{AED83B94-5BE4-4B46-9252-87DE9B9A29D2}"
EndProject
Project("{9A19103F-16F7-4668-BE54-9A1E7A4F7556}") = "R5T.Dacia.Extensions", "..\..\R5T.Dacia.Extensions\source\R5T.Dacia.Extensions\R5T.Dacia.Extensions.csproj", "{444499D2-A948-4D70-8E0C-BE64B0F239C8}"
EndProject
Project("{9A19103F-16F7-4668-BE54-9A1E7A4F7556}") = "R5T.Dacia", "..\..\R5T.Dacia\source\R5T.Dacia\R5T.Dacia.csproj", "{8F6238FE-597A-46AE-85CD-7314F25D1595}"
EndProject
Project("{9A19103F-16F7-4668-BE54-9A1E7A4F7556}") = "R5T.Angleterria.Base", "..\..\R5T.Angleterria.Base\source\R5T.Angleterria.Base\R5T.Angleterria.Base.csproj", "{CFC229D1-FDF5-480C-ACA3-1D5E7A677754}"
EndProject
Project("{9A19103F-16F7-4668-BE54-9A1E7A4F7556}") = "R5T.Angleterria", "..\..\R5T.Angleterria\source\R5T.Angleterria\R5T.Angleterria.csproj", "{267E51A3-F515-4C7F-B15A-1F77452B6D59}"
EndProject
Project("{9A19103F-16F7-4668-BE54-9A1E7A4F7556}") = "R5T.Lombardy.Base", "..\..\R5T.Lombardy.Base\source\R5T.Lombardy.Base\R5T.Lombardy.Base.csproj", "{EFBEC16F-3F7D-436F-9BEE-F36E8EAC770E}"
EndProject
Project("{9A19103F-16F7-4668-BE54-9A1E7A4F7556}") = "R5T.Macommania.Base", "..\..\R5T.Macommania.Base\source\R5T.Macommania.Base\R5T.Macommania.Base.csproj", "{82E38341-B9F8-4C0B-8BB9-EAD75085EF0D}"
EndProject
Project("{9A19103F-16F7-4668-BE54-9A1E7A4F7556}") = "R5T.Magyar", "..\..\R5T.Magyar\source\R5T.Magyar\R5T.Magyar.csproj", "{857AD7C1-8CC7-4669-B8C2-0ED7F152DC0E}"
EndProject
Project("{FAE04EC0-301F-11D3-BF4B-00C04F79EFBC}") = "R5T.T0064", "..\..\R5T.T0064\source\R5T.T0064\R5T.T0064.csproj", "{2408E9DC-78BD-4D5F-8361-B17C137614ED}"
EndProject
Global
	GlobalSection(SolutionConfigurationPlatforms) = preSolution
		Debug|Any CPU = Debug|Any CPU
		Debug|x64 = Debug|x64
		Debug|x86 = Debug|x86
		Release|Any CPU = Release|Any CPU
		Release|x64 = Release|x64
		Release|x86 = Release|x86
	EndGlobalSection
	GlobalSection(ProjectConfigurationPlatforms) = postSolution
		{C5918955-502B-4BA5-B0EE-6BA70DEA5BDB}.Debug|Any CPU.ActiveCfg = Debug|Any CPU
		{C5918955-502B-4BA5-B0EE-6BA70DEA5BDB}.Debug|Any CPU.Build.0 = Debug|Any CPU
		{C5918955-502B-4BA5-B0EE-6BA70DEA5BDB}.Debug|x64.ActiveCfg = Debug|Any CPU
		{C5918955-502B-4BA5-B0EE-6BA70DEA5BDB}.Debug|x64.Build.0 = Debug|Any CPU
		{C5918955-502B-4BA5-B0EE-6BA70DEA5BDB}.Debug|x86.ActiveCfg = Debug|Any CPU
		{C5918955-502B-4BA5-B0EE-6BA70DEA5BDB}.Debug|x86.Build.0 = Debug|Any CPU
		{C5918955-502B-4BA5-B0EE-6BA70DEA5BDB}.Release|Any CPU.ActiveCfg = Release|Any CPU
		{C5918955-502B-4BA5-B0EE-6BA70DEA5BDB}.Release|Any CPU.Build.0 = Release|Any CPU
		{C5918955-502B-4BA5-B0EE-6BA70DEA5BDB}.Release|x64.ActiveCfg = Release|Any CPU
		{C5918955-502B-4BA5-B0EE-6BA70DEA5BDB}.Release|x64.Build.0 = Release|Any CPU
		{C5918955-502B-4BA5-B0EE-6BA70DEA5BDB}.Release|x86.ActiveCfg = Release|Any CPU
		{C5918955-502B-4BA5-B0EE-6BA70DEA5BDB}.Release|x86.Build.0 = Release|Any CPU
		{0F26ACC6-5805-42C2-BEED-D8CFB518392A}.Debug|Any CPU.ActiveCfg = Debug|Any CPU
		{0F26ACC6-5805-42C2-BEED-D8CFB518392A}.Debug|Any CPU.Build.0 = Debug|Any CPU
		{0F26ACC6-5805-42C2-BEED-D8CFB518392A}.Debug|x64.ActiveCfg = Debug|Any CPU
		{0F26ACC6-5805-42C2-BEED-D8CFB518392A}.Debug|x64.Build.0 = Debug|Any CPU
		{0F26ACC6-5805-42C2-BEED-D8CFB518392A}.Debug|x86.ActiveCfg = Debug|Any CPU
		{0F26ACC6-5805-42C2-BEED-D8CFB518392A}.Debug|x86.Build.0 = Debug|Any CPU
		{0F26ACC6-5805-42C2-BEED-D8CFB518392A}.Release|Any CPU.ActiveCfg = Release|Any CPU
		{0F26ACC6-5805-42C2-BEED-D8CFB518392A}.Release|Any CPU.Build.0 = Release|Any CPU
		{0F26ACC6-5805-42C2-BEED-D8CFB518392A}.Release|x64.ActiveCfg = Release|Any CPU
		{0F26ACC6-5805-42C2-BEED-D8CFB518392A}.Release|x64.Build.0 = Release|Any CPU
		{0F26ACC6-5805-42C2-BEED-D8CFB518392A}.Release|x86.ActiveCfg = Release|Any CPU
		{0F26ACC6-5805-42C2-BEED-D8CFB518392A}.Release|x86.Build.0 = Release|Any CPU
		{A57828DE-248B-4B72-94AB-25D4D075B179}.Debug|Any CPU.ActiveCfg = Debug|Any CPU
		{A57828DE-248B-4B72-94AB-25D4D075B179}.Debug|Any CPU.Build.0 = Debug|Any CPU
		{A57828DE-248B-4B72-94AB-25D4D075B179}.Debug|x64.ActiveCfg = Debug|Any CPU
		{A57828DE-248B-4B72-94AB-25D4D075B179}.Debug|x64.Build.0 = Debug|Any CPU
		{A57828DE-248B-4B72-94AB-25D4D075B179}.Debug|x86.ActiveCfg = Debug|Any CPU
		{A57828DE-248B-4B72-94AB-25D4D075B179}.Debug|x86.Build.0 = Debug|Any CPU
		{A57828DE-248B-4B72-94AB-25D4D075B179}.Release|Any CPU.ActiveCfg = Release|Any CPU
		{A57828DE-248B-4B72-94AB-25D4D075B179}.Release|Any CPU.Build.0 = Release|Any CPU
		{A57828DE-248B-4B72-94AB-25D4D075B179}.Release|x64.ActiveCfg = Release|Any CPU
		{A57828DE-248B-4B72-94AB-25D4D075B179}.Release|x64.Build.0 = Release|Any CPU
		{A57828DE-248B-4B72-94AB-25D4D075B179}.Release|x86.ActiveCfg = Release|Any CPU
		{A57828DE-248B-4B72-94AB-25D4D075B179}.Release|x86.Build.0 = Release|Any CPU
		{AED83B94-5BE4-4B46-9252-87DE9B9A29D2}.Debug|Any CPU.ActiveCfg = Debug|Any CPU
		{AED83B94-5BE4-4B46-9252-87DE9B9A29D2}.Debug|Any CPU.Build.0 = Debug|Any CPU
		{AED83B94-5BE4-4B46-9252-87DE9B9A29D2}.Debug|x64.ActiveCfg = Debug|Any CPU
		{AED83B94-5BE4-4B46-9252-87DE9B9A29D2}.Debug|x64.Build.0 = Debug|Any CPU
		{AED83B94-5BE4-4B46-9252-87DE9B9A29D2}.Debug|x86.ActiveCfg = Debug|Any CPU
		{AED83B94-5BE4-4B46-9252-87DE9B9A29D2}.Debug|x86.Build.0 = Debug|Any CPU
		{AED83B94-5BE4-4B46-9252-87DE9B9A29D2}.Release|Any CPU.ActiveCfg = Release|Any CPU
		{AED83B94-5BE4-4B46-9252-87DE9B9A29D2}.Release|Any CPU.Build.0 = Release|Any CPU
		{AED83B94-5BE4-4B46-9252-87DE9B9A29D2}.Release|x64.ActiveCfg = Release|Any CPU
		{AED83B94-5BE4-4B46-9252-87DE9B9A29D2}.Release|x64.Build.0 = Release|Any CPU
		{AED83B94-5BE4-4B46-9252-87DE9B9A29D2}.Release|x86.ActiveCfg = Release|Any CPU
		{AED83B94-5BE4-4B46-9252-87DE9B9A29D2}.Release|x86.Build.0 = Release|Any CPU
		{444499D2-A948-4D70-8E0C-BE64B0F239C8}.Debug|Any CPU.ActiveCfg = Debug|Any CPU
		{444499D2-A948-4D70-8E0C-BE64B0F239C8}.Debug|Any CPU.Build.0 = Debug|Any CPU
		{444499D2-A948-4D70-8E0C-BE64B0F239C8}.Debug|x64.ActiveCfg = Debug|Any CPU
		{444499D2-A948-4D70-8E0C-BE64B0F239C8}.Debug|x64.Build.0 = Debug|Any CPU
		{444499D2-A948-4D70-8E0C-BE64B0F239C8}.Debug|x86.ActiveCfg = Debug|Any CPU
		{444499D2-A948-4D70-8E0C-BE64B0F239C8}.Debug|x86.Build.0 = Debug|Any CPU
		{444499D2-A948-4D70-8E0C-BE64B0F239C8}.Release|Any CPU.ActiveCfg = Release|Any CPU
		{444499D2-A948-4D70-8E0C-BE64B0F239C8}.Release|Any CPU.Build.0 = Release|Any CPU
		{444499D2-A948-4D70-8E0C-BE64B0F239C8}.Release|x64.ActiveCfg = Release|Any CPU
		{444499D2-A948-4D70-8E0C-BE64B0F239C8}.Release|x64.Build.0 = Release|Any CPU
		{444499D2-A948-4D70-8E0C-BE64B0F239C8}.Release|x86.ActiveCfg = Release|Any CPU
		{444499D2-A948-4D70-8E0C-BE64B0F239C8}.Release|x86.Build.0 = Release|Any CPU
		{8F6238FE-597A-46AE-85CD-7314F25D1595}.Debug|Any CPU.ActiveCfg = Debug|Any CPU
		{8F6238FE-597A-46AE-85CD-7314F25D1595}.Debug|Any CPU.Build.0 = Debug|Any CPU
		{8F6238FE-597A-46AE-85CD-7314F25D1595}.Debug|x64.ActiveCfg = Debug|Any CPU
		{8F6238FE-597A-46AE-85CD-7314F25D1595}.Debug|x64.Build.0 = Debug|Any CPU
		{8F6238FE-597A-46AE-85CD-7314F25D1595}.Debug|x86.ActiveCfg = Debug|Any CPU
		{8F6238FE-597A-46AE-85CD-7314F25D1595}.Debug|x86.Build.0 = Debug|Any CPU
		{8F6238FE-597A-46AE-85CD-7314F25D1595}.Release|Any CPU.ActiveCfg = Release|Any CPU
		{8F6238FE-597A-46AE-85CD-7314F25D1595}.Release|Any CPU.Build.0 = Release|Any CPU
		{8F6238FE-597A-46AE-85CD-7314F25D1595}.Release|x64.ActiveCfg = Release|Any CPU
		{8F6238FE-597A-46AE-85CD-7314F25D1595}.Release|x64.Build.0 = Release|Any CPU
		{8F6238FE-597A-46AE-85CD-7314F25D1595}.Release|x86.ActiveCfg = Release|Any CPU
		{8F6238FE-597A-46AE-85CD-7314F25D1595}.Release|x86.Build.0 = Release|Any CPU
		{CFC229D1-FDF5-480C-ACA3-1D5E7A677754}.Debug|Any CPU.ActiveCfg = Debug|Any CPU
		{CFC229D1-FDF5-480C-ACA3-1D5E7A677754}.Debug|Any CPU.Build.0 = Debug|Any CPU
		{CFC229D1-FDF5-480C-ACA3-1D5E7A677754}.Debug|x64.ActiveCfg = Debug|Any CPU
		{CFC229D1-FDF5-480C-ACA3-1D5E7A677754}.Debug|x64.Build.0 = Debug|Any CPU
		{CFC229D1-FDF5-480C-ACA3-1D5E7A677754}.Debug|x86.ActiveCfg = Debug|Any CPU
		{CFC229D1-FDF5-480C-ACA3-1D5E7A677754}.Debug|x86.Build.0 = Debug|Any CPU
		{CFC229D1-FDF5-480C-ACA3-1D5E7A677754}.Release|Any CPU.ActiveCfg = Release|Any CPU
		{CFC229D1-FDF5-480C-ACA3-1D5E7A677754}.Release|Any CPU.Build.0 = Release|Any CPU
		{CFC229D1-FDF5-480C-ACA3-1D5E7A677754}.Release|x64.ActiveCfg = Release|Any CPU
		{CFC229D1-FDF5-480C-ACA3-1D5E7A677754}.Release|x64.Build.0 = Release|Any CPU
		{CFC229D1-FDF5-480C-ACA3-1D5E7A677754}.Release|x86.ActiveCfg = Release|Any CPU
		{CFC229D1-FDF5-480C-ACA3-1D5E7A677754}.Release|x86.Build.0 = Release|Any CPU
		{267E51A3-F515-4C7F-B15A-1F77452B6D59}.Debug|Any CPU.ActiveCfg = Debug|Any CPU
		{267E51A3-F515-4C7F-B15A-1F77452B6D59}.Debug|Any CPU.Build.0 = Debug|Any CPU
		{267E51A3-F515-4C7F-B15A-1F77452B6D59}.Debug|x64.ActiveCfg = Debug|Any CPU
		{267E51A3-F515-4C7F-B15A-1F77452B6D59}.Debug|x64.Build.0 = Debug|Any CPU
		{267E51A3-F515-4C7F-B15A-1F77452B6D59}.Debug|x86.ActiveCfg = Debug|Any CPU
		{267E51A3-F515-4C7F-B15A-1F77452B6D59}.Debug|x86.Build.0 = Debug|Any CPU
		{267E51A3-F515-4C7F-B15A-1F77452B6D59}.Release|Any CPU.ActiveCfg = Release|Any CPU
		{267E51A3-F515-4C7F-B15A-1F77452B6D59}.Release|Any CPU.Build.0 = Release|Any CPU
		{267E51A3-F515-4C7F-B15A-1F77452B6D59}.Release|x64.ActiveCfg = Release|Any CPU
		{267E51A3-F515-4C7F-B15A-1F77452B6D59}.Release|x64.Build.0 = Release|Any CPU
		{267E51A3-F515-4C7F-B15A-1F77452B6D59}.Release|x86.ActiveCfg = Release|Any CPU
		{267E51A3-F515-4C7F-B15A-1F77452B6D59}.Release|x86.Build.0 = Release|Any CPU
		{EFBEC16F-3F7D-436F-9BEE-F36E8EAC770E}.Debug|Any CPU.ActiveCfg = Debug|Any CPU
		{EFBEC16F-3F7D-436F-9BEE-F36E8EAC770E}.Debug|Any CPU.Build.0 = Debug|Any CPU
		{EFBEC16F-3F7D-436F-9BEE-F36E8EAC770E}.Debug|x64.ActiveCfg = Debug|Any CPU
		{EFBEC16F-3F7D-436F-9BEE-F36E8EAC770E}.Debug|x64.Build.0 = Debug|Any CPU
		{EFBEC16F-3F7D-436F-9BEE-F36E8EAC770E}.Debug|x86.ActiveCfg = Debug|Any CPU
		{EFBEC16F-3F7D-436F-9BEE-F36E8EAC770E}.Debug|x86.Build.0 = Debug|Any CPU
		{EFBEC16F-3F7D-436F-9BEE-F36E8EAC770E}.Release|Any CPU.ActiveCfg = Release|Any CPU
		{EFBEC16F-3F7D-436F-9BEE-F36E8EAC770E}.Release|Any CPU.Build.0 = Release|Any CPU
		{EFBEC16F-3F7D-436F-9BEE-F36E8EAC770E}.Release|x64.ActiveCfg = Release|Any CPU
		{EFBEC16F-3F7D-436F-9BEE-F36E8EAC770E}.Release|x64.Build.0 = Release|Any CPU
		{EFBEC16F-3F7D-436F-9BEE-F36E8EAC770E}.Release|x86.ActiveCfg = Release|Any CPU
		{EFBEC16F-3F7D-436F-9BEE-F36E8EAC770E}.Release|x86.Build.0 = Release|Any CPU
		{82E38341-B9F8-4C0B-8BB9-EAD75085EF0D}.Debug|Any CPU.ActiveCfg = Debug|Any CPU
		{82E38341-B9F8-4C0B-8BB9-EAD75085EF0D}.Debug|Any CPU.Build.0 = Debug|Any CPU
		{82E38341-B9F8-4C0B-8BB9-EAD75085EF0D}.Debug|x64.ActiveCfg = Debug|Any CPU
		{82E38341-B9F8-4C0B-8BB9-EAD75085EF0D}.Debug|x64.Build.0 = Debug|Any CPU
		{82E38341-B9F8-4C0B-8BB9-EAD75085EF0D}.Debug|x86.ActiveCfg = Debug|Any CPU
		{82E38341-B9F8-4C0B-8BB9-EAD75085EF0D}.Debug|x86.Build.0 = Debug|Any CPU
		{82E38341-B9F8-4C0B-8BB9-EAD75085EF0D}.Release|Any CPU.ActiveCfg = Release|Any CPU
		{82E38341-B9F8-4C0B-8BB9-EAD75085EF0D}.Release|Any CPU.Build.0 = Release|Any CPU
		{82E38341-B9F8-4C0B-8BB9-EAD75085EF0D}.Release|x64.ActiveCfg = Release|Any CPU
		{82E38341-B9F8-4C0B-8BB9-EAD75085EF0D}.Release|x64.Build.0 = Release|Any CPU
		{82E38341-B9F8-4C0B-8BB9-EAD75085EF0D}.Release|x86.ActiveCfg = Release|Any CPU
		{82E38341-B9F8-4C0B-8BB9-EAD75085EF0D}.Release|x86.Build.0 = Release|Any CPU
		{857AD7C1-8CC7-4669-B8C2-0ED7F152DC0E}.Debug|Any CPU.ActiveCfg = Debug|Any CPU
		{857AD7C1-8CC7-4669-B8C2-0ED7F152DC0E}.Debug|Any CPU.Build.0 = Debug|Any CPU
		{857AD7C1-8CC7-4669-B8C2-0ED7F152DC0E}.Debug|x64.ActiveCfg = Debug|Any CPU
		{857AD7C1-8CC7-4669-B8C2-0ED7F152DC0E}.Debug|x64.Build.0 = Debug|Any CPU
		{857AD7C1-8CC7-4669-B8C2-0ED7F152DC0E}.Debug|x86.ActiveCfg = Debug|Any CPU
		{857AD7C1-8CC7-4669-B8C2-0ED7F152DC0E}.Debug|x86.Build.0 = Debug|Any CPU
		{857AD7C1-8CC7-4669-B8C2-0ED7F152DC0E}.Release|Any CPU.ActiveCfg = Release|Any CPU
		{857AD7C1-8CC7-4669-B8C2-0ED7F152DC0E}.Release|Any CPU.Build.0 = Release|Any CPU
		{857AD7C1-8CC7-4669-B8C2-0ED7F152DC0E}.Release|x64.ActiveCfg = Release|Any CPU
		{857AD7C1-8CC7-4669-B8C2-0ED7F152DC0E}.Release|x64.Build.0 = Release|Any CPU
		{857AD7C1-8CC7-4669-B8C2-0ED7F152DC0E}.Release|x86.ActiveCfg = Release|Any CPU
		{857AD7C1-8CC7-4669-B8C2-0ED7F152DC0E}.Release|x86.Build.0 = Release|Any CPU
		{2408E9DC-78BD-4D5F-8361-B17C137614ED}.Debug|Any CPU.ActiveCfg = Debug|Any CPU
		{2408E9DC-78BD-4D5F-8361-B17C137614ED}.Debug|Any CPU.Build.0 = Debug|Any CPU
		{2408E9DC-78BD-4D5F-8361-B17C137614ED}.Debug|x64.ActiveCfg = Debug|Any CPU
		{2408E9DC-78BD-4D5F-8361-B17C137614ED}.Debug|x64.Build.0 = Debug|Any CPU
		{2408E9DC-78BD-4D5F-8361-B17C137614ED}.Debug|x86.ActiveCfg = Debug|Any CPU
		{2408E9DC-78BD-4D5F-8361-B17C137614ED}.Debug|x86.Build.0 = Debug|Any CPU
		{2408E9DC-78BD-4D5F-8361-B17C137614ED}.Release|Any CPU.ActiveCfg = Release|Any CPU
		{2408E9DC-78BD-4D5F-8361-B17C137614ED}.Release|Any CPU.Build.0 = Release|Any CPU
		{2408E9DC-78BD-4D5F-8361-B17C137614ED}.Release|x64.ActiveCfg = Release|Any CPU
		{2408E9DC-78BD-4D5F-8361-B17C137614ED}.Release|x64.Build.0 = Release|Any CPU
		{2408E9DC-78BD-4D5F-8361-B17C137614ED}.Release|x86.ActiveCfg = Release|Any CPU
		{2408E9DC-78BD-4D5F-8361-B17C137614ED}.Release|x86.Build.0 = Release|Any CPU
	EndGlobalSection
	GlobalSection(SolutionProperties) = preSolution
		HideSolutionNode = FALSE
	EndGlobalSection
	GlobalSection(NestedProjects) = preSolution
		{AED83B94-5BE4-4B46-9252-87DE9B9A29D2} = {9868F5C0-9731-45D7-8233-A732F7D4A022}
		{444499D2-A948-4D70-8E0C-BE64B0F239C8} = {9868F5C0-9731-45D7-8233-A732F7D4A022}
		{8F6238FE-597A-46AE-85CD-7314F25D1595} = {9868F5C0-9731-45D7-8233-A732F7D4A022}
		{CFC229D1-FDF5-480C-ACA3-1D5E7A677754} = {9868F5C0-9731-45D7-8233-A732F7D4A022}
		{267E51A3-F515-4C7F-B15A-1F77452B6D59} = {9868F5C0-9731-45D7-8233-A732F7D4A022}
		{EFBEC16F-3F7D-436F-9BEE-F36E8EAC770E} = {9868F5C0-9731-45D7-8233-A732F7D4A022}
		{82E38341-B9F8-4C0B-8BB9-EAD75085EF0D} = {9868F5C0-9731-45D7-8233-A732F7D4A022}
		{857AD7C1-8CC7-4669-B8C2-0ED7F152DC0E} = {9868F5C0-9731-45D7-8233-A732F7D4A022}
		{2408E9DC-78BD-4D5F-8361-B17C137614ED} = {9868F5C0-9731-45D7-8233-A732F7D4A022}
	EndGlobalSection
	GlobalSection(ExtensibilityGlobals) = postSolution
		SolutionGuid = {CFCD3E05-0C6E-47EE-920A-0CC4328503E5}
	EndGlobalSection
EndGlobal
